
Microsoft Visual Studio Solution File, Format Version 12.00
# Visual Studio Version 17
VisualStudioVersion = 17.0.31903.59
MinimumVisualStudioVersion = 10.0.40219.1
Project("{2150E333-8FDC-42A3-9474-1A3956D46DE8}") = "tests", "tests", "{0AB3BF05-4346-4AA6-1389-037BE0695223}"
	ProjectSection(SolutionItems) = preProject
		tests\FakeStore.BddTests\Clients\ProductsClient.cs = tests\FakeStore.BddTests\Clients\ProductsClient.cs
	EndProjectSection
EndProject
Project("{FAE04EC0-301F-11D3-BF4B-00C04F79EFBC}") = "FakeStore.BddTests", "tests\FakeStore.BddTests\FakeStore.BddTests.csproj", "{804641E6-0F8C-4D36-9D75-2F42E157CE8A}"
EndProject
Global
	GlobalSection(SolutionConfigurationPlatforms) = preSolution
		Debug|Any CPU = Debug|Any CPU
		Debug|x64 = Debug|x64
		Debug|x86 = Debug|x86
		Release|Any CPU = Release|Any CPU
		Release|x64 = Release|x64
		Release|x86 = Release|x86
	EndGlobalSection
	GlobalSection(ProjectConfigurationPlatforms) = postSolution
		{804641E6-0F8C-4D36-9D75-2F42E157CE8A}.Debug|Any CPU.ActiveCfg = Debug|Any CPU
		{804641E6-0F8C-4D36-9D75-2F42E157CE8A}.Debug|Any CPU.Build.0 = Debug|Any CPU
		{804641E6-0F8C-4D36-9D75-2F42E157CE8A}.Debug|x64.ActiveCfg = Debug|Any CPU
		{804641E6-0F8C-4D36-9D75-2F42E157CE8A}.Debug|x64.Build.0 = Debug|Any CPU
		{804641E6-0F8C-4D36-9D75-2F42E157CE8A}.Debug|x86.ActiveCfg = Debug|Any CPU
		{804641E6-0F8C-4D36-9D75-2F42E157CE8A}.Debug|x86.Build.0 = Debug|Any CPU
		{804641E6-0F8C-4D36-9D75-2F42E157CE8A}.Release|Any CPU.ActiveCfg = Release|Any CPU
		{804641E6-0F8C-4D36-9D75-2F42E157CE8A}.Release|Any CPU.Build.0 = Release|Any CPU
		{804641E6-0F8C-4D36-9D75-2F42E157CE8A}.Release|x64.ActiveCfg = Release|Any CPU
		{804641E6-0F8C-4D36-9D75-2F42E157CE8A}.Release|x64.Build.0 = Release|Any CPU
		{804641E6-0F8C-4D36-9D75-2F42E157CE8A}.Release|x86.ActiveCfg = Release|Any CPU
		{804641E6-0F8C-4D36-9D75-2F42E157CE8A}.Release|x86.Build.0 = Release|Any CPU
	EndGlobalSection
	GlobalSection(SolutionProperties) = preSolution
		HideSolutionNode = FALSE
	EndGlobalSection
	GlobalSection(NestedProjects) = preSolution
		{804641E6-0F8C-4D36-9D75-2F42E157CE8A} = {0AB3BF05-4346-4AA6-1389-037BE0695223}
	EndGlobalSection
	GlobalSection(ExtensibilityGlobals) = postSolution
		SolutionGuid = {165B68FB-7E66-4CED-969F-A114C01F7035}
	EndGlobalSection
EndGlobal
